// !$*UTF8*$!
{
	archiveVersion = 1;
	classes = {
	};
	objectVersion = 51;
	objects = {

/* Begin PBXBuildFile section */
		3597D8FF912992EC00A61F0D /* Pods_GitHubRepoSearcher.framework in Frameworks */ = {isa = PBXBuildFile; fileRef = 2DCB5CE18330932E94F99E3E /* Pods_GitHubRepoSearcher.framework */; };
		FA2E31A9242CEC460024375D /* RepositoryRealmModel.swift in Sources */ = {isa = PBXBuildFile; fileRef = FA2E31A8242CEC460024375D /* RepositoryRealmModel.swift */; };
		FA65BE142428ABA000587DDE /* AppDelegate.swift in Sources */ = {isa = PBXBuildFile; fileRef = FA65BE132428ABA000587DDE /* AppDelegate.swift */; };
		FA65BE162428ABA000587DDE /* ViewController.swift in Sources */ = {isa = PBXBuildFile; fileRef = FA65BE152428ABA000587DDE /* ViewController.swift */; };
		FA65BE1B2428ABA400587DDE /* Assets.xcassets in Resources */ = {isa = PBXBuildFile; fileRef = FA65BE1A2428ABA400587DDE /* Assets.xcassets */; };
		FA65BE1E2428ABA400587DDE /* LaunchScreen.storyboard in Resources */ = {isa = PBXBuildFile; fileRef = FA65BE1C2428ABA400587DDE /* LaunchScreen.storyboard */; };
		FA65BE2C2428B20300587DDE /* SearchViewController.swift in Sources */ = {isa = PBXBuildFile; fileRef = FA65BE2A2428B20300587DDE /* SearchViewController.swift */; };
		FA65BE2D2428B20300587DDE /* SearchViewController.xib in Resources */ = {isa = PBXBuildFile; fileRef = FA65BE2B2428B20300587DDE /* SearchViewController.xib */; };
		FA65BE302428B22B00587DDE /* FavoriteViewController.swift in Sources */ = {isa = PBXBuildFile; fileRef = FA65BE2E2428B22B00587DDE /* FavoriteViewController.swift */; };
		FA65BE312428B22B00587DDE /* FavoriteViewController.xib in Resources */ = {isa = PBXBuildFile; fileRef = FA65BE2F2428B22B00587DDE /* FavoriteViewController.xib */; };
		FA65BE332428B63A00587DDE /* ViewController.xib in Resources */ = {isa = PBXBuildFile; fileRef = FA65BE322428B63A00587DDE /* ViewController.xib */; };
		FA65BE352428B9A000587DDE /* Parser.swift in Sources */ = {isa = PBXBuildFile; fileRef = FA65BE342428B9A000587DDE /* Parser.swift */; };
		FA65BE372428BE1D00587DDE /* TakenJson.swift in Sources */ = {isa = PBXBuildFile; fileRef = FA65BE362428BE1D00587DDE /* TakenJson.swift */; };
		FA65BE392428C19800587DDE /* Repository.swift in Sources */ = {isa = PBXBuildFile; fileRef = FA65BE382428C19800587DDE /* Repository.swift */; };
		FA65BE3B2428C20400587DDE /* Owner.swift in Sources */ = {isa = PBXBuildFile; fileRef = FA65BE3A2428C20400587DDE /* Owner.swift */; };
		FA65BE3D2428C58400587DDE /* User.swift in Sources */ = {isa = PBXBuildFile; fileRef = FA65BE3C2428C58400587DDE /* User.swift */; };
		FA65BE402428CFF000587DDE /* TableViewCell.swift in Sources */ = {isa = PBXBuildFile; fileRef = FA65BE3E2428CFF000587DDE /* TableViewCell.swift */; };
		FA65BE412428CFF000587DDE /* TableViewCell.xib in Resources */ = {isa = PBXBuildFile; fileRef = FA65BE3F2428CFF000587DDE /* TableViewCell.xib */; };
		FA65BE442428E20000587DDE /* RepoViewController.swift in Sources */ = {isa = PBXBuildFile; fileRef = FA65BE422428E20000587DDE /* RepoViewController.swift */; };
		FA65BE452428E20000587DDE /* RepoViewController.xib in Resources */ = {isa = PBXBuildFile; fileRef = FA65BE432428E20000587DDE /* RepoViewController.xib */; };
		FA65BE47242909BC00587DDE /* file.json in Resources */ = {isa = PBXBuildFile; fileRef = FA65BE46242909BC00587DDE /* file.json */; };
/* End PBXBuildFile section */

/* Begin PBXFileReference section */
		2DCB5CE18330932E94F99E3E /* Pods_GitHubRepoSearcher.framework */ = {isa = PBXFileReference; explicitFileType = wrapper.framework; includeInIndex = 0; path = Pods_GitHubRepoSearcher.framework; sourceTree = BUILT_PRODUCTS_DIR; };
		CE7387409F456FE9150540C7 /* Pods-GitHubRepoSearcher.debug.xcconfig */ = {isa = PBXFileReference; includeInIndex = 1; lastKnownFileType = text.xcconfig; name = "Pods-GitHubRepoSearcher.debug.xcconfig"; path = "Target Support Files/Pods-GitHubRepoSearcher/Pods-GitHubRepoSearcher.debug.xcconfig"; sourceTree = "<group>"; };
		EB1910BE124534DF575B361C /* Pods-GitHubRepoSearcher.release.xcconfig */ = {isa = PBXFileReference; includeInIndex = 1; lastKnownFileType = text.xcconfig; name = "Pods-GitHubRepoSearcher.release.xcconfig"; path = "Target Support Files/Pods-GitHubRepoSearcher/Pods-GitHubRepoSearcher.release.xcconfig"; sourceTree = "<group>"; };
		FA2E31A8242CEC460024375D /* RepositoryRealmModel.swift */ = {isa = PBXFileReference; lastKnownFileType = sourcecode.swift; path = RepositoryRealmModel.swift; sourceTree = "<group>"; };
		FA65BE102428ABA000587DDE /* GitHubRepoSearcher.app */ = {isa = PBXFileReference; explicitFileType = wrapper.application; includeInIndex = 0; path = GitHubRepoSearcher.app; sourceTree = BUILT_PRODUCTS_DIR; };
		FA65BE132428ABA000587DDE /* AppDelegate.swift */ = {isa = PBXFileReference; lastKnownFileType = sourcecode.swift; path = AppDelegate.swift; sourceTree = "<group>"; };
		FA65BE152428ABA000587DDE /* ViewController.swift */ = {isa = PBXFileReference; lastKnownFileType = sourcecode.swift; path = ViewController.swift; sourceTree = "<group>"; };
		FA65BE1A2428ABA400587DDE /* Assets.xcassets */ = {isa = PBXFileReference; lastKnownFileType = folder.assetcatalog; path = Assets.xcassets; sourceTree = "<group>"; };
		FA65BE1D2428ABA400587DDE /* Base */ = {isa = PBXFileReference; lastKnownFileType = file.storyboard; name = Base; path = Base.lproj/LaunchScreen.storyboard; sourceTree = "<group>"; };
		FA65BE1F2428ABA400587DDE /* Info.plist */ = {isa = PBXFileReference; lastKnownFileType = text.plist.xml; path = Info.plist; sourceTree = "<group>"; };
		FA65BE2A2428B20300587DDE /* SearchViewController.swift */ = {isa = PBXFileReference; lastKnownFileType = sourcecode.swift; path = SearchViewController.swift; sourceTree = "<group>"; };
		FA65BE2B2428B20300587DDE /* SearchViewController.xib */ = {isa = PBXFileReference; lastKnownFileType = file.xib; path = SearchViewController.xib; sourceTree = "<group>"; };
		FA65BE2E2428B22B00587DDE /* FavoriteViewController.swift */ = {isa = PBXFileReference; lastKnownFileType = sourcecode.swift; path = FavoriteViewController.swift; sourceTree = "<group>"; };
		FA65BE2F2428B22B00587DDE /* FavoriteViewController.xib */ = {isa = PBXFileReference; lastKnownFileType = file.xib; path = FavoriteViewController.xib; sourceTree = "<group>"; };
		FA65BE322428B63A00587DDE /* ViewController.xib */ = {isa = PBXFileReference; lastKnownFileType = file.xib; path = ViewController.xib; sourceTree = "<group>"; };
		FA65BE342428B9A000587DDE /* Parser.swift */ = {isa = PBXFileReference; lastKnownFileType = sourcecode.swift; path = Parser.swift; sourceTree = "<group>"; };
		FA65BE362428BE1D00587DDE /* TakenJson.swift */ = {isa = PBXFileReference; lastKnownFileType = sourcecode.swift; path = TakenJson.swift; sourceTree = "<group>"; };
		FA65BE382428C19800587DDE /* Repository.swift */ = {isa = PBXFileReference; lastKnownFileType = sourcecode.swift; path = Repository.swift; sourceTree = "<group>"; };
		FA65BE3A2428C20400587DDE /* Owner.swift */ = {isa = PBXFileReference; lastKnownFileType = sourcecode.swift; path = Owner.swift; sourceTree = "<group>"; };
		FA65BE3C2428C58400587DDE /* User.swift */ = {isa = PBXFileReference; lastKnownFileType = sourcecode.swift; path = User.swift; sourceTree = "<group>"; };
		FA65BE3E2428CFF000587DDE /* TableViewCell.swift */ = {isa = PBXFileReference; lastKnownFileType = sourcecode.swift; path = TableViewCell.swift; sourceTree = "<group>"; };
		FA65BE3F2428CFF000587DDE /* TableViewCell.xib */ = {isa = PBXFileReference; lastKnownFileType = file.xib; path = TableViewCell.xib; sourceTree = "<group>"; };
		FA65BE422428E20000587DDE /* RepoViewController.swift */ = {isa = PBXFileReference; lastKnownFileType = sourcecode.swift; path = RepoViewController.swift; sourceTree = "<group>"; };
		FA65BE432428E20000587DDE /* RepoViewController.xib */ = {isa = PBXFileReference; lastKnownFileType = file.xib; path = RepoViewController.xib; sourceTree = "<group>"; };
		FA65BE46242909BC00587DDE /* file.json */ = {isa = PBXFileReference; lastKnownFileType = text.json; path = file.json; sourceTree = "<group>"; };
/* End PBXFileReference section */

/* Begin PBXFrameworksBuildPhase section */
		FA65BE0D2428ABA000587DDE /* Frameworks */ = {
			isa = PBXFrameworksBuildPhase;
			buildActionMask = 2147483647;
			files = (
				3597D8FF912992EC00A61F0D /* Pods_GitHubRepoSearcher.framework in Frameworks */,
			);
			runOnlyForDeploymentPostprocessing = 0;
		};
/* End PBXFrameworksBuildPhase section */

/* Begin PBXGroup section */
		1CC2A1F90DD808B17E6541CB /* Frameworks */ = {
			isa = PBXGroup;
			children = (
				2DCB5CE18330932E94F99E3E /* Pods_GitHubRepoSearcher.framework */,
			);
			name = Frameworks;
			sourceTree = "<group>";
		};
		981B75064186143E5182688B /* Pods */ = {
			isa = PBXGroup;
			children = (
				CE7387409F456FE9150540C7 /* Pods-GitHubRepoSearcher.debug.xcconfig */,
				EB1910BE124534DF575B361C /* Pods-GitHubRepoSearcher.release.xcconfig */,
			);
			path = Pods;
			sourceTree = "<group>";
		};
		FA65BE072428AB9F00587DDE = {
			isa = PBXGroup;
			children = (
				FA65BE122428ABA000587DDE /* GitHubRepoSearcher */,
				FA65BE112428ABA000587DDE /* Products */,
				981B75064186143E5182688B /* Pods */,
				1CC2A1F90DD808B17E6541CB /* Frameworks */,
			);
			sourceTree = "<group>";
		};
		FA65BE112428ABA000587DDE /* Products */ = {
			isa = PBXGroup;
			children = (
				FA65BE102428ABA000587DDE /* GitHubRepoSearcher.app */,
			);
			name = Products;
			sourceTree = "<group>";
		};
		FA65BE122428ABA000587DDE /* GitHubRepoSearcher */ = {
			isa = PBXGroup;
			children = (
				FA65BE132428ABA000587DDE /* AppDelegate.swift */,
				FA65BE272428B10700587DDE /* View */,
				FA65BE262428B10100587DDE /* Model */,
				FA65BE252428B0F800587DDE /* Controller */,
				FA65BE1A2428ABA400587DDE /* Assets.xcassets */,
				FA65BE46242909BC00587DDE /* file.json */,
				FA65BE1C2428ABA400587DDE /* LaunchScreen.storyboard */,
				FA65BE1F2428ABA400587DDE /* Info.plist */,
			);
			path = GitHubRepoSearcher;
			sourceTree = "<group>";
		};
		FA65BE252428B0F800587DDE /* Controller */ = {
			isa = PBXGroup;
			children = (
				FA65BE152428ABA000587DDE /* ViewController.swift */,
				FA65BE2A2428B20300587DDE /* SearchViewController.swift */,
				FA65BE2E2428B22B00587DDE /* FavoriteViewController.swift */,
				FA65BE422428E20000587DDE /* RepoViewController.swift */,
				FA65BE3E2428CFF000587DDE /* TableViewCell.swift */,
			);
			path = Controller;
			sourceTree = "<group>";
		};
		FA65BE262428B10100587DDE /* Model */ = {
			isa = PBXGroup;
			children = (
				FA65BE342428B9A000587DDE /* Parser.swift */,
				FA65BE362428BE1D00587DDE /* TakenJson.swift */,
				FA65BE382428C19800587DDE /* Repository.swift */,
				FA65BE3A2428C20400587DDE /* Owner.swift */,
				FA65BE3C2428C58400587DDE /* User.swift */,
				FA2E31A8242CEC460024375D /* RepositoryRealmModel.swift */,
			);
			path = Model;
			sourceTree = "<group>";
		};
		FA65BE272428B10700587DDE /* View */ = {
			isa = PBXGroup;
			children = (
				FA65BE322428B63A00587DDE /* ViewController.xib */,
				FA65BE2B2428B20300587DDE /* SearchViewController.xib */,
				FA65BE2F2428B22B00587DDE /* FavoriteViewController.xib */,
				FA65BE432428E20000587DDE /* RepoViewController.xib */,
				FA65BE3F2428CFF000587DDE /* TableViewCell.xib */,
			);
			path = View;
			sourceTree = "<group>";
		};
/* End PBXGroup section */

/* Begin PBXNativeTarget section */
		FA65BE0F2428ABA000587DDE /* GitHubRepoSearcher */ = {
			isa = PBXNativeTarget;
			buildConfigurationList = FA65BE222428ABA400587DDE /* Build configuration list for PBXNativeTarget "GitHubRepoSearcher" */;
			buildPhases = (
				CFA98FB813ABB36F99344C92 /* [CP] Check Pods Manifest.lock */,
				FA65BE0C2428ABA000587DDE /* Sources */,
				FA65BE0D2428ABA000587DDE /* Frameworks */,
				FA65BE0E2428ABA000587DDE /* Resources */,
				E055FDC114E03C98C6421B6D /* [CP] Embed Pods Frameworks */,
			);
			buildRules = (
			);
			dependencies = (
			);
			name = GitHubRepoSearcher;
			productName = GitHubRepoSearcher;
			productReference = FA65BE102428ABA000587DDE /* GitHubRepoSearcher.app */;
			productType = "com.apple.product-type.application";
		};
/* End PBXNativeTarget section */

/* Begin PBXProject section */
		FA65BE082428AB9F00587DDE /* Project object */ = {
			isa = PBXProject;
			attributes = {
				LastSwiftUpdateCheck = 1030;
				LastUpgradeCheck = 1030;
				ORGANIZATIONNAME = Egor;
				TargetAttributes = {
					FA65BE0F2428ABA000587DDE = {
						CreatedOnToolsVersion = 10.3;
					};
				};
			};
			buildConfigurationList = FA65BE0B2428AB9F00587DDE /* Build configuration list for PBXProject "GitHubRepoSearcher" */;
			compatibilityVersion = "Xcode 9.3";
			developmentRegion = en;
			hasScannedForEncodings = 0;
			knownRegions = (
				en,
				Base,
			);
			mainGroup = FA65BE072428AB9F00587DDE;
			productRefGroup = FA65BE112428ABA000587DDE /* Products */;
			projectDirPath = "";
			projectRoot = "";
			targets = (
				FA65BE0F2428ABA000587DDE /* GitHubRepoSearcher */,
			);
		};
/* End PBXProject section */

/* Begin PBXResourcesBuildPhase section */
		FA65BE0E2428ABA000587DDE /* Resources */ = {
			isa = PBXResourcesBuildPhase;
			buildActionMask = 2147483647;
			files = (
				FA65BE332428B63A00587DDE /* ViewController.xib in Resources */,
				FA65BE47242909BC00587DDE /* file.json in Resources */,
				FA65BE412428CFF000587DDE /* TableViewCell.xib in Resources */,
				FA65BE452428E20000587DDE /* RepoViewController.xib in Resources */,
				FA65BE1E2428ABA400587DDE /* LaunchScreen.storyboard in Resources */,
				FA65BE2D2428B20300587DDE /* SearchViewController.xib in Resources */,
				FA65BE312428B22B00587DDE /* FavoriteViewController.xib in Resources */,
				FA65BE1B2428ABA400587DDE /* Assets.xcassets in Resources */,
			);
			runOnlyForDeploymentPostprocessing = 0;
		};
/* End PBXResourcesBuildPhase section */

/* Begin PBXShellScriptBuildPhase section */
		CFA98FB813ABB36F99344C92 /* [CP] Check Pods Manifest.lock */ = {
			isa = PBXShellScriptBuildPhase;
			buildActionMask = 2147483647;
			files = (
			);
			inputFileListPaths = (
			);
			inputPaths = (
				"${PODS_PODFILE_DIR_PATH}/Podfile.lock",
				"${PODS_ROOT}/Manifest.lock",
			);
			name = "[CP] Check Pods Manifest.lock";
			outputFileListPaths = (
			);
			outputPaths = (
				"$(DERIVED_FILE_DIR)/Pods-GitHubRepoSearcher-checkManifestLockResult.txt",
			);
			runOnlyForDeploymentPostprocessing = 0;
			shellPath = /bin/sh;
			shellScript = "diff \"${PODS_PODFILE_DIR_PATH}/Podfile.lock\" \"${PODS_ROOT}/Manifest.lock\" > /dev/null\nif [ $? != 0 ] ; then\n    # print error to STDERR\n    echo \"error: The sandbox is not in sync with the Podfile.lock. Run 'pod install' or update your CocoaPods installation.\" >&2\n    exit 1\nfi\n# This output is used by Xcode 'outputs' to avoid re-running this script phase.\necho \"SUCCESS\" > \"${SCRIPT_OUTPUT_FILE_0}\"\n";
			showEnvVarsInLog = 0;
		};
		E055FDC114E03C98C6421B6D /* [CP] Embed Pods Frameworks */ = {
			isa = PBXShellScriptBuildPhase;
			buildActionMask = 2147483647;
			files = (
			);
			inputFileListPaths = (
				"${PODS_ROOT}/Target Support Files/Pods-GitHubRepoSearcher/Pods-GitHubRepoSearcher-frameworks-${CONFIGURATION}-input-files.xcfilelist",
			);
			name = "[CP] Embed Pods Frameworks";
			outputFileListPaths = (
				"${PODS_ROOT}/Target Support Files/Pods-GitHubRepoSearcher/Pods-GitHubRepoSearcher-frameworks-${CONFIGURATION}-output-files.xcfilelist",
			);
			runOnlyForDeploymentPostprocessing = 0;
			shellPath = /bin/sh;
			shellScript = "\"${PODS_ROOT}/Target Support Files/Pods-GitHubRepoSearcher/Pods-GitHubRepoSearcher-frameworks.sh\"\n";
			showEnvVarsInLog = 0;
		};
/* End PBXShellScriptBuildPhase section */

/* Begin PBXSourcesBuildPhase section */
		FA65BE0C2428ABA000587DDE /* Sources */ = {
			isa = PBXSourcesBuildPhase;
			buildActionMask = 2147483647;
			files = (
				FA65BE442428E20000587DDE /* RepoViewController.swift in Sources */,
				FA65BE392428C19800587DDE /* Repository.swift in Sources */,
				FA65BE3B2428C20400587DDE /* Owner.swift in Sources */,
				FA65BE2C2428B20300587DDE /* SearchViewController.swift in Sources */,
				FA65BE162428ABA000587DDE /* ViewController.swift in Sources */,
				FA65BE352428B9A000587DDE /* Parser.swift in Sources */,
				FA65BE402428CFF000587DDE /* TableViewCell.swift in Sources */,
				FA65BE3D2428C58400587DDE /* User.swift in Sources */,
				FA65BE372428BE1D00587DDE /* TakenJson.swift in Sources */,
				FA65BE302428B22B00587DDE /* FavoriteViewController.swift in Sources */,
				FA65BE142428ABA000587DDE /* AppDelegate.swift in Sources */,
				FA2E31A9242CEC460024375D /* RepositoryRealmModel.swift in Sources */,
			);
			runOnlyForDeploymentPostprocessing = 0;
		};
/* End PBXSourcesBuildPhase section */

/* Begin PBXVariantGroup section */
		FA65BE1C2428ABA400587DDE /* LaunchScreen.storyboard */ = {
			isa = PBXVariantGroup;
			children = (
				FA65BE1D2428ABA400587DDE /* Base */,
			);
			name = LaunchScreen.storyboard;
			sourceTree = "<group>";
		};
/* End PBXVariantGroup section */

/* Begin XCBuildConfiguration section */
		FA65BE202428ABA400587DDE /* Debug */ = {
			isa = XCBuildConfiguration;
			buildSettings = {
				ALWAYS_SEARCH_USER_PATHS = NO;
				CLANG_ANALYZER_NONNULL = YES;
				CLANG_ANALYZER_NUMBER_OBJECT_CONVERSION = YES_AGGRESSIVE;
				CLANG_CXX_LANGUAGE_STANDARD = "gnu++14";
				CLANG_CXX_LIBRARY = "libc++";
				CLANG_ENABLE_MODULES = YES;
				CLANG_ENABLE_OBJC_ARC = YES;
				CLANG_ENABLE_OBJC_WEAK = YES;
				CLANG_WARN_BLOCK_CAPTURE_AUTORELEASING = YES;
				CLANG_WARN_BOOL_CONVERSION = YES;
				CLANG_WARN_COMMA = YES;
				CLANG_WARN_CONSTANT_CONVERSION = YES;
				CLANG_WARN_DEPRECATED_OBJC_IMPLEMENTATIONS = YES;
				CLANG_WARN_DIRECT_OBJC_ISA_USAGE = YES_ERROR;
				CLANG_WARN_DOCUMENTATION_COMMENTS = YES;
				CLANG_WARN_EMPTY_BODY = YES;
				CLANG_WARN_ENUM_CONVERSION = YES;
				CLANG_WARN_INFINITE_RECURSION = YES;
				CLANG_WARN_INT_CONVERSION = YES;
				CLANG_WARN_NON_LITERAL_NULL_CONVERSION = YES;
				CLANG_WARN_OBJC_IMPLICIT_RETAIN_SELF = YES;
				CLANG_WARN_OBJC_LITERAL_CONVERSION = YES;
				CLANG_WARN_OBJC_ROOT_CLASS = YES_ERROR;
				CLANG_WARN_RANGE_LOOP_ANALYSIS = YES;
				CLANG_WARN_STRICT_PROTOTYPES = YES;
				CLANG_WARN_SUSPICIOUS_MOVE = YES;
				CLANG_WARN_UNGUARDED_AVAILABILITY = YES_AGGRESSIVE;
				CLANG_WARN_UNREACHABLE_CODE = YES;
				CLANG_WARN__DUPLICATE_METHOD_MATCH = YES;
				CODE_SIGN_IDENTITY = "iPhone Developer";
				COPY_PHASE_STRIP = NO;
				DEBUG_INFORMATION_FORMAT = dwarf;
				ENABLE_STRICT_OBJC_MSGSEND = YES;
				ENABLE_TESTABILITY = YES;
				GCC_C_LANGUAGE_STANDARD = gnu11;
				GCC_DYNAMIC_NO_PIC = NO;
				GCC_NO_COMMON_BLOCKS = YES;
				GCC_OPTIMIZATION_LEVEL = 0;
				GCC_PREPROCESSOR_DEFINITIONS = (
					"DEBUG=1",
					"$(inherited)",
				);
				GCC_WARN_64_TO_32_BIT_CONVERSION = YES;
				GCC_WARN_ABOUT_RETURN_TYPE = YES_ERROR;
				GCC_WARN_UNDECLARED_SELECTOR = YES;
				GCC_WARN_UNINITIALIZED_AUTOS = YES_AGGRESSIVE;
				GCC_WARN_UNUSED_FUNCTION = YES;
				GCC_WARN_UNUSED_VARIABLE = YES;
				IPHONEOS_DEPLOYMENT_TARGET = 12.4;
				MTL_ENABLE_DEBUG_INFO = INCLUDE_SOURCE;
				MTL_FAST_MATH = YES;
				ONLY_ACTIVE_ARCH = YES;
				SDKROOT = iphoneos;
				SWIFT_ACTIVE_COMPILATION_CONDITIONS = DEBUG;
				SWIFT_OPTIMIZATION_LEVEL = "-Onone";
			};
			name = Debug;
		};
		FA65BE212428ABA400587DDE /* Release */ = {
			isa = XCBuildConfiguration;
			buildSettings = {
				ALWAYS_SEARCH_USER_PATHS = NO;
				CLANG_ANALYZER_NONNULL = YES;
				CLANG_ANALYZER_NUMBER_OBJECT_CONVERSION = YES_AGGRESSIVE;
				CLANG_CXX_LANGUAGE_STANDARD = "gnu++14";
				CLANG_CXX_LIBRARY = "libc++";
				CLANG_ENABLE_MODULES = YES;
				CLANG_ENABLE_OBJC_ARC = YES;
				CLANG_ENABLE_OBJC_WEAK = YES;
				CLANG_WARN_BLOCK_CAPTURE_AUTORELEASING = YES;
				CLANG_WARN_BOOL_CONVERSION = YES;
				CLANG_WARN_COMMA = YES;
				CLANG_WARN_CONSTANT_CONVERSION = YES;
				CLANG_WARN_DEPRECATED_OBJC_IMPLEMENTATIONS = YES;
				CLANG_WARN_DIRECT_OBJC_ISA_USAGE = YES_ERROR;
				CLANG_WARN_DOCUMENTATION_COMMENTS = YES;
				CLANG_WARN_EMPTY_BODY = YES;
				CLANG_WARN_ENUM_CONVERSION = YES;
				CLANG_WARN_INFINITE_RECURSION = YES;
				CLANG_WARN_INT_CONVERSION = YES;
				CLANG_WARN_NON_LITERAL_NULL_CONVERSION = YES;
				CLANG_WARN_OBJC_IMPLICIT_RETAIN_SELF = YES;
				CLANG_WARN_OBJC_LITERAL_CONVERSION = YES;
				CLANG_WARN_OBJC_ROOT_CLASS = YES_ERROR;
				CLANG_WARN_RANGE_LOOP_ANALYSIS = YES;
				CLANG_WARN_STRICT_PROTOTYPES = YES;
				CLANG_WARN_SUSPICIOUS_MOVE = YES;
				CLANG_WARN_UNGUARDED_AVAILABILITY = YES_AGGRESSIVE;
				CLANG_WARN_UNREACHABLE_CODE = YES;
				CLANG_WARN__DUPLICATE_METHOD_MATCH = YES;
				CODE_SIGN_IDENTITY = "iPhone Developer";
				COPY_PHASE_STRIP = NO;
				DEBUG_INFORMATION_FORMAT = "dwarf-with-dsym";
				ENABLE_NS_ASSERTIONS = NO;
				ENABLE_STRICT_OBJC_MSGSEND = YES;
				GCC_C_LANGUAGE_STANDARD = gnu11;
				GCC_NO_COMMON_BLOCKS = YES;
				GCC_WARN_64_TO_32_BIT_CONVERSION = YES;
				GCC_WARN_ABOUT_RETURN_TYPE = YES_ERROR;
				GCC_WARN_UNDECLARED_SELECTOR = YES;
				GCC_WARN_UNINITIALIZED_AUTOS = YES_AGGRESSIVE;
				GCC_WARN_UNUSED_FUNCTION = YES;
				GCC_WARN_UNUSED_VARIABLE = YES;
				IPHONEOS_DEPLOYMENT_TARGET = 12.4;
				MTL_ENABLE_DEBUG_INFO = NO;
				MTL_FAST_MATH = YES;
				SDKROOT = iphoneos;
				SWIFT_COMPILATION_MODE = wholemodule;
				SWIFT_OPTIMIZATION_LEVEL = "-O";
				VALIDATE_PRODUCT = YES;
			};
			name = Release;
		};
		FA65BE232428ABA400587DDE /* Debug */ = {
			isa = XCBuildConfiguration;
			baseConfigurationReference = CE7387409F456FE9150540C7 /* Pods-GitHubRepoSearcher.debug.xcconfig */;
			buildSettings = {
				ASSETCATALOG_COMPILER_APPICON_NAME = AppIcon;
				CODE_SIGN_STYLE = Automatic;
				INFOPLIST_FILE = GitHubRepoSearcher/Info.plist;
				IPHONEOS_DEPLOYMENT_TARGET = 10.0;
				LD_RUNPATH_SEARCH_PATHS = (
					"$(inherited)",
					"@executable_path/Frameworks",
				);
				PRODUCT_BUNDLE_IDENTIFIER = Egor.GitHubRepoSearcher;
				PRODUCT_NAME = "$(TARGET_NAME)";
				SWIFT_VERSION = 4.2;
				TARGETED_DEVICE_FAMILY = 1;
			};
			name = Debug;
		};
		FA65BE242428ABA400587DDE /* Release */ = {
			isa = XCBuildConfiguration;
			baseConfigurationReference = EB1910BE124534DF575B361C /* Pods-GitHubRepoSearcher.release.xcconfig */;
			buildSettings = {
				ASSETCATALOG_COMPILER_APPICON_NAME = AppIcon;
				CODE_SIGN_STYLE = Automatic;
				INFOPLIST_FILE = GitHubRepoSearcher/Info.plist;
				IPHONEOS_DEPLOYMENT_TARGET = 10.0;
				LD_RUNPATH_SEARCH_PATHS = (
					"$(inherited)",
					"@executable_path/Frameworks",
				);
				PRODUCT_BUNDLE_IDENTIFIER = Egor.GitHubRepoSearcher;
				PRODUCT_NAME = "$(TARGET_NAME)";
				SWIFT_VERSION = 4.2;
				TARGETED_DEVICE_FAMILY = 1;
			};
			name = Release;
		};
/* End XCBuildConfiguration section */

/* Begin XCConfigurationList section */
		FA65BE0B2428AB9F00587DDE /* Build configuration list for PBXProject "GitHubRepoSearcher" */ = {
			isa = XCConfigurationList;
			buildConfigurations = (
				FA65BE202428ABA400587DDE /* Debug */,
				FA65BE212428ABA400587DDE /* Release */,
			);
			defaultConfigurationIsVisible = 0;
			defaultConfigurationName = Release;
		};
		FA65BE222428ABA400587DDE /* Build configuration list for PBXNativeTarget "GitHubRepoSearcher" */ = {
			isa = XCConfigurationList;
			buildConfigurations = (
				FA65BE232428ABA400587DDE /* Debug */,
				FA65BE242428ABA400587DDE /* Release */,
			);
			defaultConfigurationIsVisible = 0;
			defaultConfigurationName = Release;
		};
/* End XCConfigurationList section */
	};
	rootObject = FA65BE082428AB9F00587DDE /* Project object */;
}
